<?xml version="1.0" encoding="utf-8"?>
<Project ToolsVersion="4.0" xmlns="http://schemas.microsoft.com/developer/msbuild/2003">
  <ItemGroup>
    <Filter Include="源文件">
      <UniqueIdentifier>{4FC737F1-C7A5-4376-A066-2A32D752A2FF}</UniqueIdentifier>
      <Extensions>cpp;c;cc;cxx;def;odl;idl;hpj;bat;asm;asmx</Extensions>
    </Filter>
    <Filter Include="头文件">
      <UniqueIdentifier>{93995380-89BD-4b04-88EB-625FBE52EBFB}</UniqueIdentifier>
      <Extensions>h;hh;hpp;hxx;hm;inl;inc;ipp;xsd</Extensions>
    </Filter>
    <Filter Include="资源文件">
      <UniqueIdentifier>{67DA6AB6-F800-4c08-8B7A-83BB121AAD01}</UniqueIdentifier>
      <Extensions>rc;ico;cur;bmp;dlg;rc2;rct;bin;rgs;gif;jpg;jpeg;jpe;resx;tiff;tif;png;wav;mfcribbon-ms</Extensions>
    </Filter>
    <Filter Include="shader">
      <UniqueIdentifier>{617e755d-acdc-4aba-94ee-246f1d59f490}</UniqueIdentifier>
    </Filter>
    <Filter Include="Framework">
      <UniqueIdentifier>{fc6f3945-6bde-461e-82a8-cead0d24212d}</UniqueIdentifier>
    </Filter>
    <Filter Include="Pipeline">
      <UniqueIdentifier>{154890e1-abb7-4394-b044-4650fb5f09cc}</UniqueIdentifier>
    </Filter>
    <Filter Include="Engine">
      <UniqueIdentifier>{16b06733-1d74-4ebb-9229-a69127921938}</UniqueIdentifier>
    </Filter>
    <Filter Include="Pipeline\Stage">
      <UniqueIdentifier>{a0afe298-0203-441b-ae3f-08dc7cd60e67}</UniqueIdentifier>
    </Filter>
  </ItemGroup>
  <ItemGroup>
    <ClInclude Include="stdafx.h">
      <Filter>头文件</Filter>
    </ClInclude>
    <ClInclude Include="targetver.h">
      <Filter>头文件</Filter>
    </ClInclude>
    <ClInclude Include="Resource.h">
      <Filter>头文件</Filter>
    </ClInclude>
    <ClInclude Include="deferredRendering.h">
      <Filter>头文件</Filter>
    </ClInclude>
    <ClInclude Include="tiny_obj_loader.h">
      <Filter>头文件</Filter>
    </ClInclude>
    <ClInclude Include="Framework.h">
      <Filter>Framework</Filter>
    </ClInclude>
    <ClInclude Include="Pipeline.h">
      <Filter>Pipeline</Filter>
    </ClInclude>
    <ClInclude Include="renderer.h">
      <Filter>Engine</Filter>
    </ClInclude>
    <ClInclude Include="Quad.h">
      <Filter>Engine</Filter>
    </ClInclude>
    <ClInclude Include="Scene.h">
      <Filter>Engine</Filter>
    </ClInclude>
    <ClInclude Include="Input.h">
      <Filter>Engine</Filter>
    </ClInclude>
    <ClInclude Include="Material.h">
      <Filter>Engine</Filter>
    </ClInclude>
    <ClInclude Include="MathUtilities.h">
      <Filter>Engine</Filter>
    </ClInclude>
    <ClInclude Include="Common.h">
      <Filter>Engine</Filter>
    </ClInclude>
    <ClInclude Include="D3D11Helper.h">
      <Filter>Engine</Filter>
    </ClInclude>
    <ClInclude Include="Mesh.h">
      <Filter>Engine</Filter>
    </ClInclude>
    <ClInclude Include="MeshBuilder.h">
      <Filter>Engine</Filter>
    </ClInclude>
    <ClInclude Include="GeometryMesh.h">
      <Filter>Engine</Filter>
    </ClInclude>
    <ClInclude Include="Observer.h">
      <Filter>Framework</Filter>
    </ClInclude>
    <ClInclude Include="AO.h">
      <Filter>Pipeline\Stage</Filter>
    </ClInclude>
    <ClInclude Include="GBuffer.h">
      <Filter>Pipeline\Stage</Filter>
    </ClInclude>
    <ClInclude Include="PBR.h">
      <Filter>Pipeline\Stage</Filter>
    </ClInclude>
    <ClInclude Include="PostProcessing.h">
      <Filter>Pipeline\Stage</Filter>
    </ClInclude>
    <ClInclude Include="ShadowMap.h">
      <Filter>Pipeline\Stage</Filter>
    </ClInclude>
    <ClInclude Include="VolumetricLighting.h">
      <Filter>Pipeline\Stage</Filter>
    </ClInclude>
    <ClInclude Include="MultipleLights.h">
      <Filter>Framework</Filter>
    </ClInclude>
    <ClInclude Include="HDR.h">
      <Filter>Pipeline\Stage</Filter>
    </ClInclude>
    <ClInclude Include="GPUComputer.h">
      <Filter>Engine</Filter>
    </ClInclude>
    <ClInclude Include="DepthBounding.h">
      <Filter>Pipeline\Stage</Filter>
    </ClInclude>
    <ClInclude Include="Setting.h">
      <Filter>Framework</Filter>
    </ClInclude>
    <ClInclude Include="LightCulling.h">
      <Filter>Pipeline\Stage</Filter>
    </ClInclude>
    <ClInclude Include="LightVolumeCulling.h">
      <Filter>Pipeline\Stage</Filter>
    </ClInclude>
    <ClInclude Include="DepthLinearing.h">
      <Filter>Pipeline\Stage</Filter>
    </ClInclude>
    <ClInclude Include="ClusteredLightCulling.h">
      <Filter>Pipeline\Stage</Filter>
    </ClInclude>
    <ClInclude Include="SkyBox.h">
      <Filter>Pipeline\Stage</Filter>
    </ClInclude>
    <ClInclude Include="Overlay.h">
      <Filter>Framework</Filter>
    </ClInclude>
    <ClInclude Include="Sampling.h">
      <Filter>Pipeline</Filter>
    </ClInclude>
    <ClInclude Include="ImageProcessing.h">
      <Filter>Engine</Filter>
    </ClInclude>
    <ClInclude Include="PBRMaterial.h">
      <Filter>Framework</Filter>
    </ClInclude>
    <ClInclude Include="SSR.h">
      <Filter>Pipeline\Stage</Filter>
    </ClInclude>
    <ClInclude Include="Reflections.h">
      <Filter>Framework</Filter>
    </ClInclude>
    <ClInclude Include="EnvironmentMapping.h">
      <Filter>Pipeline\Stage</Filter>
    </ClInclude>
    <ClInclude Include="MotionBlur.h">
      <Filter>Pipeline\Stage</Filter>
    </ClInclude>
    <ClInclude Include="PreZ.h">
      <Filter>Pipeline\Stage</Filter>
    </ClInclude>
    <ClInclude Include="TAA.h">
      <Filter>Pipeline\Stage</Filter>
    </ClInclude>
    <ClInclude Include="MotionVector.h">
      <Filter>Pipeline\Stage</Filter>
    </ClInclude>
    <ClInclude Include="SphericalHarmonics.h">
      <Filter>Engine</Filter>
    </ClInclude>
    <ClInclude Include="IrradianceVolumes.h">
      <Filter>Pipeline\Stage</Filter>
    </ClInclude>
    <ClInclude Include="IrradianceCaching.h">
      <Filter>Framework</Filter>
    </ClInclude>
    <ClInclude Include="SHSample.h">
      <Filter>Framework</Filter>
    </ClInclude>
    <ClInclude Include="Voxelize.h">
      <Filter>Pipeline\Stage</Filter>
    </ClInclude>
    <ClInclude Include="VoxelConeTracing.h">
      <Filter>Framework</Filter>
    </ClInclude>
    <ClInclude Include="VoxelMesh.h">
      <Filter>Engine</Filter>
    </ClInclude>
  </ItemGroup>
  <ItemGroup>
    <ClCompile Include="stdafx.cpp">
      <Filter>源文件</Filter>
    </ClCompile>
    <ClCompile Include="Framework.cpp">
      <Filter>Framework</Filter>
    </ClCompile>
    <ClCompile Include="Pipeline.cpp">
      <Filter>Pipeline</Filter>
    </ClCompile>
    <ClCompile Include="renderer.cpp">
      <Filter>Engine</Filter>
    </ClCompile>
    <ClCompile Include="Input.cpp">
      <Filter>Engine</Filter>
    </ClCompile>
    <ClCompile Include="Material.cpp">
      <Filter>Engine</Filter>
    </ClCompile>
    <ClCompile Include="Mesh.cpp">
      <Filter>Engine</Filter>
    </ClCompile>
    <ClCompile Include="MeshBuilder.cpp">
      <Filter>Engine</Filter>
    </ClCompile>
    <ClCompile Include="Quad.cpp">
      <Filter>Engine</Filter>
    </ClCompile>
    <ClCompile Include="Scene.cpp">
      <Filter>Engine</Filter>
    </ClCompile>
    <ClCompile Include="tiny_obj_loader.cc">
      <Filter>Engine</Filter>
    </ClCompile>
    <ClCompile Include="AO.cpp">
      <Filter>Pipeline\Stage</Filter>
    </ClCompile>
    <ClCompile Include="GBuffer.cpp">
      <Filter>Pipeline\Stage</Filter>
    </ClCompile>
    <ClCompile Include="PBR.cpp">
      <Filter>Pipeline\Stage</Filter>
    </ClCompile>
    <ClCompile Include="PostProcessing.cpp">
      <Filter>Pipeline\Stage</Filter>
    </ClCompile>
    <ClCompile Include="ShadowMap.cpp">
      <Filter>Pipeline\Stage</Filter>
    </ClCompile>
    <ClCompile Include="VolumetricLighting.cpp">
      <Filter>Pipeline\Stage</Filter>
    </ClCompile>
    <ClCompile Include="MultipleLights.cpp">
      <Filter>Framework</Filter>
    </ClCompile>
    <ClCompile Include="GeometryMesh.cpp">
      <Filter>Engine</Filter>
    </ClCompile>
    <ClCompile Include="HDR.cpp">
      <Filter>Pipeline\Stage</Filter>
    </ClCompile>
    <ClCompile Include="GPUComputer.cpp">
      <Filter>Engine</Filter>
    </ClCompile>
    <ClCompile Include="DepthBounding.cpp">
      <Filter>Pipeline\Stage</Filter>
    </ClCompile>
    <ClCompile Include="LightCulling.cpp">
      <Filter>Pipeline\Stage</Filter>
    </ClCompile>
    <ClCompile Include="ClusteredLightCulling.cpp">
      <Filter>Pipeline\Stage</Filter>
    </ClCompile>
    <ClCompile Include="DepthLinearing.cpp">
      <Filter>Pipeline\Stage</Filter>
    </ClCompile>
    <ClCompile Include="SkyBox.cpp">
      <Filter>Pipeline\Stage</Filter>
    </ClCompile>
    <ClCompile Include="dll.cpp">
      <Filter>源文件</Filter>
    </ClCompile>
    <ClCompile Include="SSR.cpp">
      <Filter>Pipeline\Stage</Filter>
    </ClCompile>
    <ClCompile Include="EnvironmentMapping.cpp">
      <Filter>Pipeline\Stage</Filter>
    </ClCompile>
    <ClCompile Include="ImageProcessing.cpp">
      <Filter>Engine</Filter>
    </ClCompile>
    <ClCompile Include="Overlay.cpp">
      <Filter>Framework</Filter>
    </ClCompile>
    <ClCompile Include="MotionBlur.cpp">
      <Filter>Pipeline\Stage</Filter>
    </ClCompile>
    <ClCompile Include="PreZ.cpp">
      <Filter>Pipeline\Stage</Filter>
    </ClCompile>
    <ClCompile Include="MotionVector.cpp">
      <Filter>Pipeline\Stage</Filter>
    </ClCompile>
    <ClCompile Include="IrradianceVolumes.cpp">
      <Filter>Pipeline\Stage</Filter>
    </ClCompile>
    <ClCompile Include="TAA.cpp">
      <Filter>Pipeline\Stage</Filter>
    </ClCompile>
    <ClCompile Include="Voxelize.cpp">
      <Filter>Pipeline\Stage</Filter>
    </ClCompile>
    <ClCompile Include="VoxelMesh.cpp">
      <Filter>Engine</Filter>
    </ClCompile>
  </ItemGroup>
  <ItemGroup>
    <ResourceCompile Include="deferredRendering.rc">
      <Filter>资源文件</Filter>
    </ResourceCompile>
  </ItemGroup>
  <ItemGroup>
    <Image Include="small.ico">
      <Filter>资源文件</Filter>
    </Image>
    <Image Include="deferredRendering.ico">
      <Filter>资源文件</Filter>
    </Image>
  </ItemGroup>
  <ItemGroup>
    <None Include="packages.config" />
    <None Include="hlsl\depth.fx">
      <Filter>shader</Filter>
    </None>
    <None Include="hlsl\pbr.hlsl">
      <Filter>shader</Filter>
    </None>
    <None Include="hlsl\shadowmap.fx">
      <Filter>shader</Filter>
    </None>
    <None Include="hlsl\ssao.hlsl">
      <Filter>shader</Filter>
    </None>
    <None Include="cpp.hint" />
    <None Include="hlsl\lighting.hlsl">
      <Filter>shader</Filter>
    </None>
    <None Include="hlsl\gbuffer.fx">
      <Filter>shader</Filter>
    </None>
    <None Include="hlsl\skybox.fx">
      <Filter>shader</Filter>
    </None>
    <None Include="hlsl\simple_vs.hlsl">
      <Filter>shader</Filter>
    </None>
    <None Include="hlsl\ssr.hlsl">
      <Filter>shader</Filter>
    </None>
    <None Include="hlsl\tiledlightculling.hlsl">
      <Filter>shader</Filter>
    </None>
  </ItemGroup>
</Project>